// !$*UTF8*$!
{
	archiveVersion = 1;
	classes = {
	};
	objectVersion = 46;
	objects = {

/* Begin PBXBuildFile section */
		CDA8B9151E16B90000430352 /* AppDelegate.swift in Sources */ = {isa = PBXBuildFile; fileRef = CDA8B9141E16B90000430352 /* AppDelegate.swift */; };
		CDA8B9171E16B90000430352 /* ViewController.swift in Sources */ = {isa = PBXBuildFile; fileRef = CDA8B9161E16B90000430352 /* ViewController.swift */; };
		CDA8B91A1E16B90000430352 /* Main.storyboard in Resources */ = {isa = PBXBuildFile; fileRef = CDA8B9181E16B90000430352 /* Main.storyboard */; };
		CDA8B91C1E16B90000430352 /* Assets.xcassets in Resources */ = {isa = PBXBuildFile; fileRef = CDA8B91B1E16B90000430352 /* Assets.xcassets */; };
		CDA8B91F1E16B90000430352 /* LaunchScreen.storyboard in Resources */ = {isa = PBXBuildFile; fileRef = CDA8B91D1E16B90000430352 /* LaunchScreen.storyboard */; };
		CDA8B9271E16B91700430352 /* ControlContainableScrollViews.swift in Sources */ = {isa = PBXBuildFile; fileRef = CDA8B9261E16B91700430352 /* ControlContainableScrollViews.swift */; };
/* End PBXBuildFile section */

/* Begin PBXFileReference section */
		CDA8B9111E16B90000430352 /* ScrollingControls.app */ = {isa = PBXFileReference; explicitFileType = wrapper.application; includeInIndex = 0; path = ScrollingControls.app; sourceTree = BUILT_PRODUCTS_DIR; };
		CDA8B9141E16B90000430352 /* AppDelegate.swift */ = {isa = PBXFileReference; lastKnownFileType = sourcecode.swift; path = AppDelegate.swift; sourceTree = "<group>"; };
		CDA8B9161E16B90000430352 /* ViewController.swift */ = {isa = PBXFileReference; lastKnownFileType = sourcecode.swift; path = ViewController.swift; sourceTree = "<group>"; };
		CDA8B9191E16B90000430352 /* Base */ = {isa = PBXFileReference; lastKnownFileType = file.storyboard; name = Base; path = Base.lproj/Main.storyboard; sourceTree = "<group>"; };
		CDA8B91B1E16B90000430352 /* Assets.xcassets */ = {isa = PBXFileReference; lastKnownFileType = folder.assetcatalog; path = Assets.xcassets; sourceTree = "<group>"; };
		CDA8B91E1E16B90000430352 /* Base */ = {isa = PBXFileReference; lastKnownFileType = file.storyboard; name = Base; path = Base.lproj/LaunchScreen.storyboard; sourceTree = "<group>"; };
		CDA8B9201E16B90000430352 /* Info.plist */ = {isa = PBXFileReference; lastKnownFileType = text.plist.xml; path = Info.plist; sourceTree = "<group>"; };
		CDA8B9261E16B91700430352 /* ControlContainableScrollViews.swift */ = {isa = PBXFileReference; fileEncoding = 4; lastKnownFileType = sourcecode.swift; path = ControlContainableScrollViews.swift; sourceTree = "<group>"; };
/* End PBXFileReference section */

/* Begin PBXFrameworksBuildPhase section */
		CDA8B90E1E16B90000430352 /* Frameworks */ = {
			isa = PBXFrameworksBuildPhase;
			buildActionMask = 2147483647;
			files = (
			);
			runOnlyForDeploymentPostprocessing = 0;
		};
/* End PBXFrameworksBuildPhase section */

/* Begin PBXGroup section */
		CDA8B9081E16B90000430352 = {
			isa = PBXGroup;
			children = (
				CDA8B9131E16B90000430352 /* ScrollingControls */,
				CDA8B9121E16B90000430352 /* Products */,
			);
			sourceTree = "<group>";
		};
		CDA8B9121E16B90000430352 /* Products */ = {
			isa = PBXGroup;
			children = (
				CDA8B9111E16B90000430352 /* ScrollingControls.app */,
			);
			name = Products;
			sourceTree = "<group>";
		};
		CDA8B9131E16B90000430352 /* ScrollingControls */ = {
			isa = PBXGroup;
			children = (
				CDA8B9141E16B90000430352 /* AppDelegate.swift */,
				CDA8B9161E16B90000430352 /* ViewController.swift */,
				CDA8B9261E16B91700430352 /* ControlContainableScrollViews.swift */,
				CDA8B9181E16B90000430352 /* Main.storyboard */,
				CDA8B91B1E16B90000430352 /* Assets.xcassets */,
				CDA8B91D1E16B90000430352 /* LaunchScreen.storyboard */,
				CDA8B9201E16B90000430352 /* Info.plist */,
			);
			path = ScrollingControls;
			sourceTree = "<group>";
		};
/* End PBXGroup section */

/* Begin PBXNativeTarget section */
		CDA8B9101E16B90000430352 /* ScrollingControls */ = {
			isa = PBXNativeTarget;
			buildConfigurationList = CDA8B9231E16B90000430352 /* Build configuration list for PBXNativeTarget "ScrollingControls" */;
			buildPhases = (
				CDA8B90D1E16B90000430352 /* Sources */,
				CDA8B90E1E16B90000430352 /* Frameworks */,
				CDA8B90F1E16B90000430352 /* Resources */,
			);
			buildRules = (
			);
			dependencies = (
			);
			name = ScrollingControls;
			productName = ScrollingControls;
			productReference = CDA8B9111E16B90000430352 /* ScrollingControls.app */;
			productType = "com.apple.product-type.application";
		};
/* End PBXNativeTarget section */

/* Begin PBXProject section */
		CDA8B9091E16B90000430352 /* Project object */ = {
			isa = PBXProject;
			attributes = {
				LastSwiftUpdateCheck = 0820;
				LastUpgradeCheck = 0820;
				ORGANIZATIONNAME = Raizlabs;
				TargetAttributes = {
					CDA8B9101E16B90000430352 = {
						CreatedOnToolsVersion = 8.2.1;
						ProvisioningStyle = Automatic;
					};
				};
			};
			buildConfigurationList = CDA8B90C1E16B90000430352 /* Build configuration list for PBXProject "ScrollingControls" */;
			compatibilityVersion = "Xcode 3.2";
			developmentRegion = English;
			hasScannedForEncodings = 0;
			knownRegions = (
				en,
				Base,
			);
			mainGroup = CDA8B9081E16B90000430352;
			productRefGroup = CDA8B9121E16B90000430352 /* Products */;
			projectDirPath = "";
			projectRoot = "";
			targets = (
				CDA8B9101E16B90000430352 /* ScrollingControls */,
			);
		};
/* End PBXProject section */

/* Begin PBXResourcesBuildPhase section */
		CDA8B90F1E16B90000430352 /* Resources */ = {
			isa = PBXResourcesBuildPhase;
			buildActionMask = 2147483647;
			files = (
				CDA8B91F1E16B90000430352 /* LaunchScreen.storyboard in Resources */,
				CDA8B91C1E16B90000430352 /* Assets.xcassets in Resources */,
				CDA8B91A1E16B90000430352 /* Main.storyboard in Resources */,
			);
			runOnlyForDeploymentPostprocessing = 0;
		};
/* End PBXResourcesBuildPhase section */

/* Begin PBXSourcesBuildPhase section */
		CDA8B90D1E16B90000430352 /* Sources */ = {
			isa = PBXSourcesBuildPhase;
			buildActionMask = 2147483647;
			files = (
				CDA8B9171E16B90000430352 /* ViewController.swift in Sources */,
				CDA8B9151E16B90000430352 /* AppDelegate.swift in Sources */,
				CDA8B9271E16B91700430352 /* ControlContainableScrollViews.swift in Sources */,
			);
			runOnlyForDeploymentPostprocessing = 0;
		};
/* End PBXSourcesBuildPhase section */

/* Begin PBXVariantGroup section */
		CDA8B9181E16B90000430352 /* Main.storyboard */ = {
			isa = PBXVariantGroup;
			children = (
				CDA8B9191E16B90000430352 /* Base */,
			);
			name = Main.storyboard;
			sourceTree = "<group>";
		};
		CDA8B91D1E16B90000430352 /* LaunchScreen.storyboard */ = {
			isa = PBXVariantGroup;
			children = (
				CDA8B91E1E16B90000430352 /* Base */,
			);
			name = LaunchScreen.storyboard;
			sourceTree = "<group>";
		};
/* End PBXVariantGroup section */

/* Begin XCBuildConfiguration section */
		CDA8B9211E16B90000430352 /* Debug */ = {
			isa = XCBuildConfiguration;
			buildSettings = {
				ALWAYS_SEARCH_USER_PATHS = NO;
				CLANG_ANALYZER_NONNULL = YES;
				CLANG_CXX_LANGUAGE_STANDARD = "gnu++0x";
				CLANG_CXX_LIBRARY = "libc++";
				CLANG_ENABLE_MODULES = YES;
				CLANG_ENABLE_OBJC_ARC = YES;
				CLANG_WARN_BOOL_CONVERSION = YES;
				CLANG_WARN_CONSTANT_CONVERSION = YES;
				CLANG_WARN_DIRECT_OBJC_ISA_USAGE = YES_ERROR;
				CLANG_WARN_DOCUMENTATION_COMMENTS = YES;
				CLANG_WARN_EMPTY_BODY = YES;
				CLANG_WARN_ENUM_CONVERSION = YES;
				CLANG_WARN_INFINITE_RECURSION = YES;
				CLANG_WARN_INT_CONVERSION = YES;
				CLANG_WARN_OBJC_ROOT_CLASS = YES_ERROR;
				CLANG_WARN_SUSPICIOUS_MOVE = YES;
				CLANG_WARN_UNREACHABLE_CODE = YES;
				CLANG_WARN__DUPLICATE_METHOD_MATCH = YES;
				"CODE_SIGN_IDENTITY[sdk=iphoneos*]" = "iPhone Developer";
				COPY_PHASE_STRIP = NO;
				DEBUG_INFORMATION_FORMAT = dwarf;
				ENABLE_STRICT_OBJC_MSGSEND = YES;
				ENABLE_TESTABILITY = YES;
				GCC_C_LANGUAGE_STANDARD = gnu99;
				GCC_DYNAMIC_NO_PIC = NO;
				GCC_NO_COMMON_BLOCKS = YES;
				GCC_OPTIMIZATION_LEVEL = 0;
				GCC_PREPROCESSOR_DEFINITIONS = (
					"DEBUG=1",
					"$(inherited)",
				);
				GCC_WARN_64_TO_32_BIT_CONVERSION = YES;
				GCC_WARN_ABOUT_RETURN_TYPE = YES_ERROR;
				GCC_WARN_UNDECLARED_SELECTOR = YES;
				GCC_WARN_UNINITIALIZED_AUTOS = YES_AGGRESSIVE;
				GCC_WARN_UNUSED_FUNCTION = YES;
				GCC_WARN_UNUSED_VARIABLE = YES;
				IPHONEOS_DEPLOYMENT_TARGET = 10.2;
				MTL_ENABLE_DEBUG_INFO = YES;
				ONLY_ACTIVE_ARCH = YES;
				SDKROOT = iphoneos;
				SWIFT_ACTIVE_COMPILATION_CONDITIONS = DEBUG;
				SWIFT_OPTIMIZATION_LEVEL = "-Onone";
			};
			name = Debug;
		};
		CDA8B9221E16B90000430352 /* Release */ = {
			isa = XCBuildConfiguration;
			buildSettings = {
				ALWAYS_SEARCH_USER_PATHS = NO;
				CLANG_ANALYZER_NONNULL = YES;
				CLANG_CXX_LANGUAGE_STANDARD = "gnu++0x";
				CLANG_CXX_LIBRARY = "libc++";
				CLANG_ENABLE_MODULES = YES;
				CLANG_ENABLE_OBJC_ARC = YES;
				CLANG_WARN_BOOL_CONVERSION = YES;
				CLANG_WARN_CONSTANT_CONVERSION = YES;
				CLANG_WARN_DIRECT_OBJC_ISA_USAGE = YES_ERROR;
				CLANG_WARN_DOCUMENTATION_COMMENTS = YES;
				CLANG_WARN_EMPTY_BODY = YES;
				CLANG_WARN_ENUM_CONVERSION = YES;
				CLANG_WARN_INFINITE_RECURSION = YES;
				CLANG_WARN_INT_CONVERSION = YES;
				CLANG_WARN_OBJC_ROOT_CLASS = YES_ERROR;
				CLANG_WARN_SUSPICIOUS_MOVE = YES;
				CLANG_WARN_UNREACHABLE_CODE = YES;
				CLANG_WARN__DUPLICATE_METHOD_MATCH = YES;
				"CODE_SIGN_IDENTITY[sdk=iphoneos*]" = "iPhone Developer";
				COPY_PHASE_STRIP = NO;
				DEBUG_INFORMATION_FORMAT = "dwarf-with-dsym";
				ENABLE_NS_ASSERTIONS = NO;
				ENABLE_STRICT_OBJC_MSGSEND = YES;
				GCC_C_LANGUAGE_STANDARD = gnu99;
				GCC_NO_COMMON_BLOCKS = YES;
				GCC_WARN_64_TO_32_BIT_CONVERSION = YES;
				GCC_WARN_ABOUT_RETURN_TYPE = YES_ERROR;
				GCC_WARN_UNDECLARED_SELECTOR = YES;
				GCC_WARN_UNINITIALIZED_AUTOS = YES_AGGRESSIVE;
				GCC_WARN_UNUSED_FUNCTION = YES;
				GCC_WARN_UNUSED_VARIABLE = YES;
				IPHONEOS_DEPLOYMENT_TARGET = 10.2;
				MTL_ENABLE_DEBUG_INFO = NO;
				SDKROOT = iphoneos;
				SWIFT_OPTIMIZATION_LEVEL = "-Owholemodule";
				VALIDATE_PRODUCT = YES;
			};
			name = Release;
		};
		CDA8B9241E16B90000430352 /* Debug */ = {
			isa = XCBuildConfiguration;
			buildSettings = {
				ASSETCATALOG_COMPILER_APPICON_NAME = AppIcon;
				DEVELOPMENT_TEAM = "";
				INFOPLIST_FILE = ScrollingControls/Info.plist;
				LD_RUNPATH_SEARCH_PATHS = "$(inherited) @executable_path/Frameworks";
				PRODUCT_BUNDLE_IDENTIFIER = com.raizlabs.ScrollingControls;
				PRODUCT_NAME = "$(TARGET_NAME)";
				SWIFT_VERSION = 3.0;
			};
			name = Debug;
		};
		CDA8B9251E16B90000430352 /* Release */ = {
			isa = XCBuildConfiguration;
			buildSettings = {
				ASSETCATALOG_COMPILER_APPICON_NAME = AppIcon;
				DEVELOPMENT_TEAM = "";
				INFOPLIST_FILE = ScrollingControls/Info.plist;
				LD_RUNPATH_SEARCH_PATHS = "$(inherited) @executable_path/Frameworks";
				PRODUCT_BUNDLE_IDENTIFIER = com.raizlabs.ScrollingControls;
				PRODUCT_NAME = "$(TARGET_NAME)";
				SWIFT_VERSION = 3.0;
			};
			name = Release;
		};
/* End XCBuildConfiguration section */

/* Begin XCConfigurationList section */
		CDA8B90C1E16B90000430352 /* Build configuration list for PBXProject "ScrollingControls" */ = {
			isa = XCConfigurationList;
			buildConfigurations = (
				CDA8B9211E16B90000430352 /* Debug */,
				CDA8B9221E16B90000430352 /* Release */,
			);
			defaultConfigurationIsVisible = 0;
			defaultConfigurationName = Release;
		};
		CDA8B9231E16B90000430352 /* Build configuration list for PBXNativeTarget "ScrollingControls" */ = {
			isa = XCConfigurationList;
			buildConfigurations = (
				CDA8B9241E16B90000430352 /* Debug */,
				CDA8B9251E16B90000430352 /* Release */,
			);
			defaultConfigurationIsVisible = 0;
			defaultConfigurationName = Release;
		};
/* End XCConfigurationList section */
	};
	rootObject = CDA8B9091E16B90000430352 /* Project object */;
}
